// !$*UTF8*$!
{
	archiveVersion = 1;
	classes = {
	};
	objectVersion = 46;
	objects = {

/* Begin PBXBuildFile section */
		402544D11CE41F3700F35B23 /* AddCustomViewController.m in Sources */ = {isa = PBXBuildFile; fileRef = 402544D01CE41F3700F35B23 /* AddCustomViewController.m */; };
		408C1C001CE1B50C00B9A2F0 /* main.m in Sources */ = {isa = PBXBuildFile; fileRef = 408C1BFF1CE1B50C00B9A2F0 /* main.m */; };
		408C1C031CE1B50C00B9A2F0 /* AppDelegate.m in Sources */ = {isa = PBXBuildFile; fileRef = 408C1C021CE1B50C00B9A2F0 /* AppDelegate.m */; };
		408C1C091CE1B50C00B9A2F0 /* Main.storyboard in Resources */ = {isa = PBXBuildFile; fileRef = 408C1C071CE1B50C00B9A2F0 /* Main.storyboard */; };
		408C1C0B1CE1B50C00B9A2F0 /* Assets.xcassets in Resources */ = {isa = PBXBuildFile; fileRef = 408C1C0A1CE1B50C00B9A2F0 /* Assets.xcassets */; };
		408C1C0E1CE1B50C00B9A2F0 /* LaunchScreen.storyboard in Resources */ = {isa = PBXBuildFile; fileRef = 408C1C0C1CE1B50C00B9A2F0 /* LaunchScreen.storyboard */; };
		408C1C191CE1B50C00B9A2F0 /* PaymentSDKObjCUITests.m in Sources */ = {isa = PBXBuildFile; fileRef = 408C1C181CE1B50C00B9A2F0 /* PaymentSDKObjCUITests.m */; };
		40E129541CE424A2006D7F30 /* Accelerate.framework in Frameworks */ = {isa = PBXBuildFile; fileRef = 40E129481CE424A2006D7F30 /* Accelerate.framework */; };
		40E129551CE424A2006D7F30 /* AudioToolbox.framework in Frameworks */ = {isa = PBXBuildFile; fileRef = 40E129491CE424A2006D7F30 /* AudioToolbox.framework */; };
		40E129561CE424A2006D7F30 /* AVFoundation.framework in Frameworks */ = {isa = PBXBuildFile; fileRef = 40E1294A1CE424A2006D7F30 /* AVFoundation.framework */; };
		40E129571CE424A2006D7F30 /* CoreGraphics.framework in Frameworks */ = {isa = PBXBuildFile; fileRef = 40E1294B1CE424A2006D7F30 /* CoreGraphics.framework */; };
		40E129581CE424A2006D7F30 /* CoreMedia.framework in Frameworks */ = {isa = PBXBuildFile; fileRef = 40E1294C1CE424A2006D7F30 /* CoreMedia.framework */; };
		40E129591CE424A2006D7F30 /* CoreVideo.framework in Frameworks */ = {isa = PBXBuildFile; fileRef = 40E1294D1CE424A2006D7F30 /* CoreVideo.framework */; };
		40E1295A1CE424A2006D7F30 /* Foundation.framework in Frameworks */ = {isa = PBXBuildFile; fileRef = 40E1294E1CE424A2006D7F30 /* Foundation.framework */; };
		40E1295B1CE424A2006D7F30 /* MobileCoreServices.framework in Frameworks */ = {isa = PBXBuildFile; fileRef = 40E1294F1CE424A2006D7F30 /* MobileCoreServices.framework */; };
		40E1295C1CE424A2006D7F30 /* OpenGLES.framework in Frameworks */ = {isa = PBXBuildFile; fileRef = 40E129501CE424A2006D7F30 /* OpenGLES.framework */; };
		40E1295D1CE424A2006D7F30 /* QuartzCore.framework in Frameworks */ = {isa = PBXBuildFile; fileRef = 40E129511CE424A2006D7F30 /* QuartzCore.framework */; };
		40E1295E1CE424A2006D7F30 /* Security.framework in Frameworks */ = {isa = PBXBuildFile; fileRef = 40E129521CE424A2006D7F30 /* Security.framework */; };
		40E1295F1CE424A2006D7F30 /* UIKit.framework in Frameworks */ = {isa = PBXBuildFile; fileRef = 40E129531CE424A2006D7F30 /* UIKit.framework */; };
		65060C9A1FD0819F00B03613 /* PaymentSDK.framework in Frameworks */ = {isa = PBXBuildFile; fileRef = 65060C9B1FD0819F00B03613 /* PaymentSDK.framework */; };
		65060C9C1FD081A400B03613 /* PaymentSDK.framework in Frameworks */ = {isa = PBXBuildFile; fileRef = 65060C9B1FD0819F00B03613 /* PaymentSDK.framework */; };
		65060C9D1FD081A400B03613 /* PaymentSDK.framework in Embed Frameworks */ = {isa = PBXBuildFile; fileRef = 65060C9B1FD0819F00B03613 /* PaymentSDK.framework */; settings = {ATTRIBUTES = (CodeSignOnCopy, RemoveHeadersOnCopy, ); }; };
		650EDF411FCCC9F300F41A9E /* StoreViewController.m in Sources */ = {isa = PBXBuildFile; fileRef = 650EDF401FCCC9F300F41A9E /* StoreViewController.m */; };
		659413441FCCFB9100EAE54A /* MyBackendLib.m in Sources */ = {isa = PBXBuildFile; fileRef = 659413431FCCFB9100EAE54A /* MyBackendLib.m */; };
		6598456C1FCD29C8007A8E9A /* ListCardsViewController.m in Sources */ = {isa = PBXBuildFile; fileRef = 6598456B1FCD29C8007A8E9A /* ListCardsViewController.m */; };
/* End PBXBuildFile section */

/* Begin PBXContainerItemProxy section */
		408C1C151CE1B50C00B9A2F0 /* PBXContainerItemProxy */ = {
			isa = PBXContainerItemProxy;
			containerPortal = 408C1BF31CE1B50C00B9A2F0 /* Project object */;
			proxyType = 1;
			remoteGlobalIDString = 408C1BFA1CE1B50C00B9A2F0;
			remoteInfo = PaymentezSDKObjC;
		};
/* End PBXContainerItemProxy section */

/* Begin PBXCopyFilesBuildPhase section */
		65060C991FD0818A00B03613 /* Embed Frameworks */ = {
			isa = PBXCopyFilesBuildPhase;
			buildActionMask = 2147483647;
			dstPath = "";
			dstSubfolderSpec = 10;
			files = (
				65060C9D1FD081A400B03613 /* PaymentSDK.framework in Embed Frameworks */,
			);
			name = "Embed Frameworks";
			runOnlyForDeploymentPostprocessing = 0;
		};
/* End PBXCopyFilesBuildPhase section */

/* Begin PBXFileReference section */
		402544C51CE3959000F35B23 /* PaymentSDK.framework */ = {isa = PBXFileReference; lastKnownFileType = wrapper.framework; name = PaymentSDK.framework; path = /Users/guxsotelo/Documents/paymentez/pmtz_proys/paymentezsdk/PaymentezSDKObjC/PaymentSDK.framework; sourceTree = "<absolute>"; };
		402544CF1CE41F3700F35B23 /* AddCustomViewController.h */ = {isa = PBXFileReference; fileEncoding = 4; lastKnownFileType = sourcecode.c.h; path = AddCustomViewController.h; sourceTree = "<group>"; };
		402544D01CE41F3700F35B23 /* AddCustomViewController.m */ = {isa = PBXFileReference; fileEncoding = 4; lastKnownFileType = sourcecode.c.objc; path = AddCustomViewController.m; sourceTree = "<group>"; };
		408C1BFB1CE1B50C00B9A2F0 /* PaymentSDKObjC.app */ = {isa = PBXFileReference; explicitFileType = wrapper.application; includeInIndex = 0; path = PaymentSDKObjC.app; sourceTree = BUILT_PRODUCTS_DIR; };
		408C1BFF1CE1B50C00B9A2F0 /* main.m */ = {isa = PBXFileReference; lastKnownFileType = sourcecode.c.objc; path = main.m; sourceTree = "<group>"; };
		408C1C011CE1B50C00B9A2F0 /* AppDelegate.h */ = {isa = PBXFileReference; lastKnownFileType = sourcecode.c.h; path = AppDelegate.h; sourceTree = "<group>"; };
		408C1C021CE1B50C00B9A2F0 /* AppDelegate.m */ = {isa = PBXFileReference; lastKnownFileType = sourcecode.c.objc; path = AppDelegate.m; sourceTree = "<group>"; };
		408C1C081CE1B50C00B9A2F0 /* Base */ = {isa = PBXFileReference; lastKnownFileType = file.storyboard; name = Base; path = Base.lproj/Main.storyboard; sourceTree = "<group>"; };
		408C1C0A1CE1B50C00B9A2F0 /* Assets.xcassets */ = {isa = PBXFileReference; lastKnownFileType = folder.assetcatalog; path = Assets.xcassets; sourceTree = "<group>"; };
		408C1C0D1CE1B50C00B9A2F0 /* Base */ = {isa = PBXFileReference; lastKnownFileType = file.storyboard; name = Base; path = Base.lproj/LaunchScreen.storyboard; sourceTree = "<group>"; };
		408C1C0F1CE1B50C00B9A2F0 /* Info.plist */ = {isa = PBXFileReference; lastKnownFileType = text.plist.xml; path = Info.plist; sourceTree = "<group>"; };
		408C1C141CE1B50C00B9A2F0 /* PaymentSDKObjCUITests.xctest */ = {isa = PBXFileReference; explicitFileType = wrapper.cfbundle; includeInIndex = 0; path = PaymentSDKObjCUITests.xctest; sourceTree = BUILT_PRODUCTS_DIR; };
		408C1C181CE1B50C00B9A2F0 /* PaymentSDKObjCUITests.m */ = {isa = PBXFileReference; lastKnownFileType = sourcecode.c.objc; path = PaymentSDKObjCUITests.m; sourceTree = "<group>"; };
		408C1C1A1CE1B50C00B9A2F0 /* Info.plist */ = {isa = PBXFileReference; lastKnownFileType = text.plist.xml; path = Info.plist; sourceTree = "<group>"; };
		40E129481CE424A2006D7F30 /* Accelerate.framework */ = {isa = PBXFileReference; lastKnownFileType = wrapper.framework; name = Accelerate.framework; path = System/Library/Frameworks/Accelerate.framework; sourceTree = SDKROOT; };
		40E129491CE424A2006D7F30 /* AudioToolbox.framework */ = {isa = PBXFileReference; lastKnownFileType = wrapper.framework; name = AudioToolbox.framework; path = System/Library/Frameworks/AudioToolbox.framework; sourceTree = SDKROOT; };
		40E1294A1CE424A2006D7F30 /* AVFoundation.framework */ = {isa = PBXFileReference; lastKnownFileType = wrapper.framework; name = AVFoundation.framework; path = System/Library/Frameworks/AVFoundation.framework; sourceTree = SDKROOT; };
		40E1294B1CE424A2006D7F30 /* CoreGraphics.framework */ = {isa = PBXFileReference; lastKnownFileType = wrapper.framework; name = CoreGraphics.framework; path = System/Library/Frameworks/CoreGraphics.framework; sourceTree = SDKROOT; };
		40E1294C1CE424A2006D7F30 /* CoreMedia.framework */ = {isa = PBXFileReference; lastKnownFileType = wrapper.framework; name = CoreMedia.framework; path = System/Library/Frameworks/CoreMedia.framework; sourceTree = SDKROOT; };
		40E1294D1CE424A2006D7F30 /* CoreVideo.framework */ = {isa = PBXFileReference; lastKnownFileType = wrapper.framework; name = CoreVideo.framework; path = System/Library/Frameworks/CoreVideo.framework; sourceTree = SDKROOT; };
		40E1294E1CE424A2006D7F30 /* Foundation.framework */ = {isa = PBXFileReference; lastKnownFileType = wrapper.framework; name = Foundation.framework; path = System/Library/Frameworks/Foundation.framework; sourceTree = SDKROOT; };
		40E1294F1CE424A2006D7F30 /* MobileCoreServices.framework */ = {isa = PBXFileReference; lastKnownFileType = wrapper.framework; name = MobileCoreServices.framework; path = System/Library/Frameworks/MobileCoreServices.framework; sourceTree = SDKROOT; };
		40E129501CE424A2006D7F30 /* OpenGLES.framework */ = {isa = PBXFileReference; lastKnownFileType = wrapper.framework; name = OpenGLES.framework; path = System/Library/Frameworks/OpenGLES.framework; sourceTree = SDKROOT; };
		40E129511CE424A2006D7F30 /* QuartzCore.framework */ = {isa = PBXFileReference; lastKnownFileType = wrapper.framework; name = QuartzCore.framework; path = System/Library/Frameworks/QuartzCore.framework; sourceTree = SDKROOT; };
		40E129521CE424A2006D7F30 /* Security.framework */ = {isa = PBXFileReference; lastKnownFileType = wrapper.framework; name = Security.framework; path = System/Library/Frameworks/Security.framework; sourceTree = SDKROOT; };
		40E129531CE424A2006D7F30 /* UIKit.framework */ = {isa = PBXFileReference; lastKnownFileType = wrapper.framework; name = UIKit.framework; path = System/Library/Frameworks/UIKit.framework; sourceTree = SDKROOT; };
		65060C9B1FD0819F00B03613 /* PaymentSDK.framework */ = {isa = PBXFileReference; explicitFileType = wrapper.framework; path = PaymentSDK.framework; sourceTree = BUILT_PRODUCTS_DIR; };
		650EDF3F1FCCC9F300F41A9E /* StoreViewController.h */ = {isa = PBXFileReference; lastKnownFileType = sourcecode.c.h; path = StoreViewController.h; sourceTree = "<group>"; };
		650EDF401FCCC9F300F41A9E /* StoreViewController.m */ = {isa = PBXFileReference; lastKnownFileType = sourcecode.c.objc; path = StoreViewController.m; sourceTree = "<group>"; };
		650EDF421FCCFA2400F41A9E /* UserModel.h */ = {isa = PBXFileReference; lastKnownFileType = sourcecode.c.h; path = UserModel.h; sourceTree = "<group>"; };
		659413431FCCFB9100EAE54A /* MyBackendLib.m */ = {isa = PBXFileReference; lastKnownFileType = sourcecode.c.objc; path = MyBackendLib.m; sourceTree = "<group>"; };
		659413451FCCFBA300EAE54A /* MyBackendLib.h */ = {isa = PBXFileReference; lastKnownFileType = sourcecode.c.h; path = MyBackendLib.h; sourceTree = "<group>"; };
		6598456A1FCD29C7007A8E9A /* ListCardsViewController.h */ = {isa = PBXFileReference; lastKnownFileType = sourcecode.c.h; path = ListCardsViewController.h; sourceTree = "<group>"; };
		6598456B1FCD29C8007A8E9A /* ListCardsViewController.m */ = {isa = PBXFileReference; lastKnownFileType = sourcecode.c.objc; path = ListCardsViewController.m; sourceTree = "<group>"; };
/* End PBXFileReference section */

/* Begin PBXFrameworksBuildPhase section */
		408C1BF81CE1B50C00B9A2F0 /* Frameworks */ = {
			isa = PBXFrameworksBuildPhase;
			buildActionMask = 2147483647;
			files = (
				65060C9A1FD0819F00B03613 /* PaymentSDK.framework in Frameworks */,
				40E129541CE424A2006D7F30 /* Accelerate.framework in Frameworks */,
				40E129551CE424A2006D7F30 /* AudioToolbox.framework in Frameworks */,
				65060C9C1FD081A400B03613 /* PaymentSDK.framework in Frameworks */,
				40E129561CE424A2006D7F30 /* AVFoundation.framework in Frameworks */,
				40E129571CE424A2006D7F30 /* CoreGraphics.framework in Frameworks */,
				40E129581CE424A2006D7F30 /* CoreMedia.framework in Frameworks */,
				40E129591CE424A2006D7F30 /* CoreVideo.framework in Frameworks */,
				40E1295A1CE424A2006D7F30 /* Foundation.framework in Frameworks */,
				40E1295B1CE424A2006D7F30 /* MobileCoreServices.framework in Frameworks */,
				40E1295C1CE424A2006D7F30 /* OpenGLES.framework in Frameworks */,
				40E1295D1CE424A2006D7F30 /* QuartzCore.framework in Frameworks */,
				40E1295E1CE424A2006D7F30 /* Security.framework in Frameworks */,
				40E1295F1CE424A2006D7F30 /* UIKit.framework in Frameworks */,
			);
			runOnlyForDeploymentPostprocessing = 0;
		};
		408C1C111CE1B50C00B9A2F0 /* Frameworks */ = {
			isa = PBXFrameworksBuildPhase;
			buildActionMask = 2147483647;
			files = (
			);
			runOnlyForDeploymentPostprocessing = 0;
		};
/* End PBXFrameworksBuildPhase section */

/* Begin PBXGroup section */
		408C1BF21CE1B50C00B9A2F0 = {
			isa = PBXGroup;
			children = (
				40E129481CE424A2006D7F30 /* Accelerate.framework */,
				40E129491CE424A2006D7F30 /* AudioToolbox.framework */,
				40E1294A1CE424A2006D7F30 /* AVFoundation.framework */,
				40E1294B1CE424A2006D7F30 /* CoreGraphics.framework */,
				40E1294C1CE424A2006D7F30 /* CoreMedia.framework */,
				40E1294D1CE424A2006D7F30 /* CoreVideo.framework */,
				40E1294E1CE424A2006D7F30 /* Foundation.framework */,
				40E1294F1CE424A2006D7F30 /* MobileCoreServices.framework */,
				40E129501CE424A2006D7F30 /* OpenGLES.framework */,
				40E129511CE424A2006D7F30 /* QuartzCore.framework */,
				40E129521CE424A2006D7F30 /* Security.framework */,
				40E129531CE424A2006D7F30 /* UIKit.framework */,
				408C1BFD1CE1B50C00B9A2F0 /* PaymentSDKObjC */,
				408C1C171CE1B50C00B9A2F0 /* PaymentSDKObjCUITests */,
				408C1BFC1CE1B50C00B9A2F0 /* Products */,
				6502EDF81F7C258800C9CC0C /* Recovered References */,
				659845721FCD4798007A8E9A /* Frameworks */,
			);
			sourceTree = "<group>";
		};
		408C1BFC1CE1B50C00B9A2F0 /* Products */ = {
			isa = PBXGroup;
			children = (
				408C1BFB1CE1B50C00B9A2F0 /* PaymentSDKObjC.app */,
				408C1C141CE1B50C00B9A2F0 /* PaymentSDKObjCUITests.xctest */,
			);
			name = Products;
			sourceTree = "<group>";
		};
		408C1BFD1CE1B50C00B9A2F0 /* PaymentSDKObjC */ = {
			isa = PBXGroup;
			children = (
				408C1C011CE1B50C00B9A2F0 /* AppDelegate.h */,
				408C1C021CE1B50C00B9A2F0 /* AppDelegate.m */,
				408C1C071CE1B50C00B9A2F0 /* Main.storyboard */,
				408C1C0A1CE1B50C00B9A2F0 /* Assets.xcassets */,
				408C1C0C1CE1B50C00B9A2F0 /* LaunchScreen.storyboard */,
				408C1C0F1CE1B50C00B9A2F0 /* Info.plist */,
				408C1BFE1CE1B50C00B9A2F0 /* Supporting Files */,
				402544CF1CE41F3700F35B23 /* AddCustomViewController.h */,
				402544D01CE41F3700F35B23 /* AddCustomViewController.m */,
				650EDF3F1FCCC9F300F41A9E /* StoreViewController.h */,
				650EDF401FCCC9F300F41A9E /* StoreViewController.m */,
				650EDF421FCCFA2400F41A9E /* UserModel.h */,
				659413431FCCFB9100EAE54A /* MyBackendLib.m */,
				659413451FCCFBA300EAE54A /* MyBackendLib.h */,
				6598456A1FCD29C7007A8E9A /* ListCardsViewController.h */,
				6598456B1FCD29C8007A8E9A /* ListCardsViewController.m */,
			);
			path = PaymentSDKObjC;
			sourceTree = "<group>";
		};
		408C1BFE1CE1B50C00B9A2F0 /* Supporting Files */ = {
			isa = PBXGroup;
			children = (
				408C1BFF1CE1B50C00B9A2F0 /* main.m */,
			);
			name = "Supporting Files";
			sourceTree = "<group>";
		};
		408C1C171CE1B50C00B9A2F0 /* PaymentSDKObjCUITests */ = {
			isa = PBXGroup;
			children = (
				408C1C181CE1B50C00B9A2F0 /* PaymentSDKObjCUITests.m */,
				408C1C1A1CE1B50C00B9A2F0 /* Info.plist */,
			);
			path = PaymentSDKObjCUITests;
			sourceTree = "<group>";
		};
		6502EDF81F7C258800C9CC0C /* Recovered References */ = {
			isa = PBXGroup;
			children = (
				402544C51CE3959000F35B23 /* PaymentSDK.framework */,
			);
			name = "Recovered References";
			sourceTree = "<group>";
		};
		659845721FCD4798007A8E9A /* Frameworks */ = {
			isa = PBXGroup;
			children = (
				65060C9B1FD0819F00B03613 /* PaymentSDK.framework */,
			);
			name = Frameworks;
			sourceTree = "<group>";
		};
/* End PBXGroup section */

/* Begin PBXNativeTarget section */
		408C1BFA1CE1B50C00B9A2F0 /* PaymentSDKObjC */ = {
			isa = PBXNativeTarget;
			buildConfigurationList = 408C1C1D1CE1B50C00B9A2F0 /* Build configuration list for PBXNativeTarget "PaymentSDKObjC" */;
			buildPhases = (
				408C1BF71CE1B50C00B9A2F0 /* Sources */,
				408C1BF81CE1B50C00B9A2F0 /* Frameworks */,
				408C1BF91CE1B50C00B9A2F0 /* Resources */,
				65060C991FD0818A00B03613 /* Embed Frameworks */,
			);
			buildRules = (
			);
			dependencies = (
			);
			name = PaymentSDKObjC;
			productName = PaymentezSDKObjC;
			productReference = 408C1BFB1CE1B50C00B9A2F0 /* PaymentSDKObjC.app */;
			productType = "com.apple.product-type.application";
		};
		408C1C131CE1B50C00B9A2F0 /* PaymentSDKObjCUITests */ = {
			isa = PBXNativeTarget;
			buildConfigurationList = 408C1C201CE1B50C00B9A2F0 /* Build configuration list for PBXNativeTarget "PaymentSDKObjCUITests" */;
			buildPhases = (
				408C1C101CE1B50C00B9A2F0 /* Sources */,
				408C1C111CE1B50C00B9A2F0 /* Frameworks */,
				408C1C121CE1B50C00B9A2F0 /* Resources */,
			);
			buildRules = (
			);
			dependencies = (
				408C1C161CE1B50C00B9A2F0 /* PBXTargetDependency */,
			);
			name = PaymentSDKObjCUITests;
			productName = PaymentezSDKObjCUITests;
			productReference = 408C1C141CE1B50C00B9A2F0 /* PaymentSDKObjCUITests.xctest */;
			productType = "com.apple.product-type.bundle.ui-testing";
		};
/* End PBXNativeTarget section */

/* Begin PBXProject section */
		408C1BF31CE1B50C00B9A2F0 /* Project object */ = {
			isa = PBXProject;
			attributes = {
				LastUpgradeCheck = 0900;
				ORGANIZATIONNAME = Paymentez;
				TargetAttributes = {
					408C1BFA1CE1B50C00B9A2F0 = {
						CreatedOnToolsVersion = 7.3;
						DevelopmentTeam = QBSGESLSWZ;
					};
					408C1C131CE1B50C00B9A2F0 = {
						CreatedOnToolsVersion = 7.3;
						TestTargetID = 408C1BFA1CE1B50C00B9A2F0;
					};
				};
			};
			buildConfigurationList = 408C1BF61CE1B50C00B9A2F0 /* Build configuration list for PBXProject "PaymentSDKObjC" */;
			compatibilityVersion = "Xcode 3.2";
			developmentRegion = English;
			hasScannedForEncodings = 0;
			knownRegions = (
				English,
				en,
				Base,
			);
			mainGroup = 408C1BF21CE1B50C00B9A2F0;
			productRefGroup = 408C1BFC1CE1B50C00B9A2F0 /* Products */;
			projectDirPath = "";
			projectRoot = "";
			targets = (
				408C1BFA1CE1B50C00B9A2F0 /* PaymentSDKObjC */,
				408C1C131CE1B50C00B9A2F0 /* PaymentSDKObjCUITests */,
			);
		};
/* End PBXProject section */

/* Begin PBXResourcesBuildPhase section */
		408C1BF91CE1B50C00B9A2F0 /* Resources */ = {
			isa = PBXResourcesBuildPhase;
			buildActionMask = 2147483647;
			files = (
				408C1C0E1CE1B50C00B9A2F0 /* LaunchScreen.storyboard in Resources */,
				408C1C0B1CE1B50C00B9A2F0 /* Assets.xcassets in Resources */,
				408C1C091CE1B50C00B9A2F0 /* Main.storyboard in Resources */,
			);
			runOnlyForDeploymentPostprocessing = 0;
		};
		408C1C121CE1B50C00B9A2F0 /* Resources */ = {
			isa = PBXResourcesBuildPhase;
			buildActionMask = 2147483647;
			files = (
			);
			runOnlyForDeploymentPostprocessing = 0;
		};
/* End PBXResourcesBuildPhase section */

/* Begin PBXSourcesBuildPhase section */
		408C1BF71CE1B50C00B9A2F0 /* Sources */ = {
			isa = PBXSourcesBuildPhase;
			buildActionMask = 2147483647;
			files = (
				650EDF411FCCC9F300F41A9E /* StoreViewController.m in Sources */,
				408C1C031CE1B50C00B9A2F0 /* AppDelegate.m in Sources */,
				6598456C1FCD29C8007A8E9A /* ListCardsViewController.m in Sources */,
				402544D11CE41F3700F35B23 /* AddCustomViewController.m in Sources */,
				659413441FCCFB9100EAE54A /* MyBackendLib.m in Sources */,
				408C1C001CE1B50C00B9A2F0 /* main.m in Sources */,
			);
			runOnlyForDeploymentPostprocessing = 0;
		};
		408C1C101CE1B50C00B9A2F0 /* Sources */ = {
			isa = PBXSourcesBuildPhase;
			buildActionMask = 2147483647;
			files = (
				408C1C191CE1B50C00B9A2F0 /* PaymentSDKObjCUITests.m in Sources */,
			);
			runOnlyForDeploymentPostprocessing = 0;
		};
/* End PBXSourcesBuildPhase section */

/* Begin PBXTargetDependency section */
		408C1C161CE1B50C00B9A2F0 /* PBXTargetDependency */ = {
			isa = PBXTargetDependency;
			target = 408C1BFA1CE1B50C00B9A2F0 /* PaymentSDKObjC */;
			targetProxy = 408C1C151CE1B50C00B9A2F0 /* PBXContainerItemProxy */;
		};
/* End PBXTargetDependency section */

/* Begin PBXVariantGroup section */
		408C1C071CE1B50C00B9A2F0 /* Main.storyboard */ = {
			isa = PBXVariantGroup;
			children = (
				408C1C081CE1B50C00B9A2F0 /* Base */,
			);
			name = Main.storyboard;
			sourceTree = "<group>";
		};
		408C1C0C1CE1B50C00B9A2F0 /* LaunchScreen.storyboard */ = {
			isa = PBXVariantGroup;
			children = (
				408C1C0D1CE1B50C00B9A2F0 /* Base */,
			);
			name = LaunchScreen.storyboard;
			sourceTree = "<group>";
		};
/* End PBXVariantGroup section */

/* Begin XCBuildConfiguration section */
		408C1C1B1CE1B50C00B9A2F0 /* Debug */ = {
			isa = XCBuildConfiguration;
			buildSettings = {
				ALWAYS_SEARCH_USER_PATHS = NO;
				CLANG_ANALYZER_NONNULL = YES;
				CLANG_CXX_LANGUAGE_STANDARD = "gnu++0x";
				CLANG_CXX_LIBRARY = "libc++";
				CLANG_ENABLE_MODULES = YES;
				CLANG_ENABLE_OBJC_ARC = YES;
				CLANG_WARN_BLOCK_CAPTURE_AUTORELEASING = YES;
				CLANG_WARN_BOOL_CONVERSION = YES;
				CLANG_WARN_COMMA = YES;
				CLANG_WARN_CONSTANT_CONVERSION = YES;
				CLANG_WARN_DIRECT_OBJC_ISA_USAGE = YES_ERROR;
				CLANG_WARN_EMPTY_BODY = YES;
				CLANG_WARN_ENUM_CONVERSION = YES;
				CLANG_WARN_INFINITE_RECURSION = YES;
				CLANG_WARN_INT_CONVERSION = YES;
				CLANG_WARN_NON_LITERAL_NULL_CONVERSION = YES;
				CLANG_WARN_OBJC_LITERAL_CONVERSION = YES;
				CLANG_WARN_OBJC_ROOT_CLASS = YES_ERROR;
				CLANG_WARN_RANGE_LOOP_ANALYSIS = YES;
				CLANG_WARN_STRICT_PROTOTYPES = YES;
				CLANG_WARN_SUSPICIOUS_MOVE = YES;
				CLANG_WARN_UNREACHABLE_CODE = YES;
				CLANG_WARN__DUPLICATE_METHOD_MATCH = YES;
				"CODE_SIGN_IDENTITY[sdk=iphoneos*]" = "iPhone Developer";
				COPY_PHASE_STRIP = NO;
				DEBUG_INFORMATION_FORMAT = dwarf;
				ENABLE_STRICT_OBJC_MSGSEND = YES;
				ENABLE_TESTABILITY = YES;
				GCC_C_LANGUAGE_STANDARD = gnu99;
				GCC_DYNAMIC_NO_PIC = NO;
				GCC_NO_COMMON_BLOCKS = YES;
				GCC_OPTIMIZATION_LEVEL = 0;
				GCC_PREPROCESSOR_DEFINITIONS = (
					"DEBUG=1",
					"$(inherited)",
				);
				GCC_WARN_64_TO_32_BIT_CONVERSION = YES;
				GCC_WARN_ABOUT_RETURN_TYPE = YES_ERROR;
				GCC_WARN_UNDECLARED_SELECTOR = YES;
				GCC_WARN_UNINITIALIZED_AUTOS = YES_AGGRESSIVE;
				GCC_WARN_UNUSED_FUNCTION = YES;
				GCC_WARN_UNUSED_VARIABLE = YES;
				IPHONEOS_DEPLOYMENT_TARGET = 9.3;
				MTL_ENABLE_DEBUG_INFO = YES;
				ONLY_ACTIVE_ARCH = YES;
				OTHER_LDFLAGS = "-ObjC";
				SDKROOT = iphoneos;
			};
			name = Debug;
		};
		408C1C1C1CE1B50C00B9A2F0 /* Release */ = {
			isa = XCBuildConfiguration;
			buildSettings = {
				ALWAYS_SEARCH_USER_PATHS = NO;
				CLANG_ANALYZER_NONNULL = YES;
				CLANG_CXX_LANGUAGE_STANDARD = "gnu++0x";
				CLANG_CXX_LIBRARY = "libc++";
				CLANG_ENABLE_MODULES = YES;
				CLANG_ENABLE_OBJC_ARC = YES;
				CLANG_WARN_BLOCK_CAPTURE_AUTORELEASING = YES;
				CLANG_WARN_BOOL_CONVERSION = YES;
				CLANG_WARN_COMMA = YES;
				CLANG_WARN_CONSTANT_CONVERSION = YES;
				CLANG_WARN_DIRECT_OBJC_ISA_USAGE = YES_ERROR;
				CLANG_WARN_EMPTY_BODY = YES;
				CLANG_WARN_ENUM_CONVERSION = YES;
				CLANG_WARN_INFINITE_RECURSION = YES;
				CLANG_WARN_INT_CONVERSION = YES;
				CLANG_WARN_NON_LITERAL_NULL_CONVERSION = YES;
				CLANG_WARN_OBJC_LITERAL_CONVERSION = YES;
				CLANG_WARN_OBJC_ROOT_CLASS = YES_ERROR;
				CLANG_WARN_RANGE_LOOP_ANALYSIS = YES;
				CLANG_WARN_STRICT_PROTOTYPES = YES;
				CLANG_WARN_SUSPICIOUS_MOVE = YES;
				CLANG_WARN_UNREACHABLE_CODE = YES;
				CLANG_WARN__DUPLICATE_METHOD_MATCH = YES;
				"CODE_SIGN_IDENTITY[sdk=iphoneos*]" = "iPhone Developer";
				COPY_PHASE_STRIP = NO;
				DEBUG_INFORMATION_FORMAT = "dwarf-with-dsym";
				ENABLE_NS_ASSERTIONS = NO;
				ENABLE_STRICT_OBJC_MSGSEND = YES;
				GCC_C_LANGUAGE_STANDARD = gnu99;
				GCC_NO_COMMON_BLOCKS = YES;
				GCC_WARN_64_TO_32_BIT_CONVERSION = YES;
				GCC_WARN_ABOUT_RETURN_TYPE = YES_ERROR;
				GCC_WARN_UNDECLARED_SELECTOR = YES;
				GCC_WARN_UNINITIALIZED_AUTOS = YES_AGGRESSIVE;
				GCC_WARN_UNUSED_FUNCTION = YES;
				GCC_WARN_UNUSED_VARIABLE = YES;
				IPHONEOS_DEPLOYMENT_TARGET = 9.3;
				MTL_ENABLE_DEBUG_INFO = NO;
				OTHER_LDFLAGS = "-ObjC";
				SDKROOT = iphoneos;
				VALIDATE_PRODUCT = YES;
			};
			name = Release;
		};
		408C1C1E1CE1B50C00B9A2F0 /* Debug */ = {
			isa = XCBuildConfiguration;
			buildSettings = {
				ALWAYS_EMBED_SWIFT_STANDARD_LIBRARIES = NO;
				ASSETCATALOG_COMPILER_APPICON_NAME = AppIcon;
				CLANG_ALLOW_NON_MODULAR_INCLUDES_IN_FRAMEWORK_MODULES = NO;
				CODE_SIGN_IDENTITY = "iPhone Developer";
				DEVELOPMENT_TEAM = QBSGESLSWZ;
				FRAMEWORK_SEARCH_PATHS = (
					"$(inherited)",
					"$(PROJECT_DIR)",
					"$(PROJECT_DIR)/simulator",
					"$(PROJECT_DIR)/PaymentSDKObjC",
					"PaymentSDK.framework/Frameworks/**",
				);
				INFOPLIST_FILE = PaymentSDKObjC/Info.plist;
				IPHONEOS_DEPLOYMENT_TARGET = 8.3;
				LD_RUNPATH_SEARCH_PATHS = "$(inherited) @executable_path/Frameworks";
				OTHER_LDFLAGS = (
					"-lc++",
					"-ObjC",
				);
				PRODUCT_BUNDLE_IDENTIFIER = com.redeban.globalpaySDKObjC;
				PRODUCT_NAME = "$(TARGET_NAME)";
			};
			name = Debug;
		};
		408C1C1F1CE1B50C00B9A2F0 /* Release */ = {
			isa = XCBuildConfiguration;
			buildSettings = {
				ALWAYS_EMBED_SWIFT_STANDARD_LIBRARIES = NO;
				ASSETCATALOG_COMPILER_APPICON_NAME = AppIcon;
				CLANG_ALLOW_NON_MODULAR_INCLUDES_IN_FRAMEWORK_MODULES = NO;
				CODE_SIGN_IDENTITY = "iPhone Developer";
				DEVELOPMENT_TEAM = QBSGESLSWZ;
				FRAMEWORK_SEARCH_PATHS = (
					"$(inherited)",
					"$(PROJECT_DIR)",
					"$(PROJECT_DIR)/simulator",
					"$(PROJECT_DIR)/PaymentSDKObjC",
					"PaymentSDK.framework/Frameworks/**",
				);
				INFOPLIST_FILE = PaymentSDKObjC/Info.plist;
				IPHONEOS_DEPLOYMENT_TARGET = 8.3;
				LD_RUNPATH_SEARCH_PATHS = "$(inherited) @executable_path/Frameworks";
				OTHER_LDFLAGS = (
					"-lc++",
					"-ObjC",
				);
				PRODUCT_BUNDLE_IDENTIFIER = com.redeban.globalpaySDKObjC;
				PRODUCT_NAME = "$(TARGET_NAME)";
			};
			name = Release;
		};
		408C1C211CE1B50C00B9A2F0 /* Debug */ = {
			isa = XCBuildConfiguration;
			buildSettings = {
				INFOPLIST_FILE = PaymentSDKObjCUITests/Info.plist;
				LD_RUNPATH_SEARCH_PATHS = "$(inherited) @executable_path/Frameworks @loader_path/Frameworks";
				PRODUCT_BUNDLE_IDENTIFIER = com.redeban.globalpaySDKObjCUITests;
				PRODUCT_NAME = "$(TARGET_NAME)";
				TEST_TARGET_NAME = PaymentSDKObjC;
			};
			name = Debug;
		};
		408C1C221CE1B50C00B9A2F0 /* Release */ = {
			isa = XCBuildConfiguration;
			buildSettings = {
				INFOPLIST_FILE = PaymentSDKObjCUITests/Info.plist;
				LD_RUNPATH_SEARCH_PATHS = "$(inherited) @executable_path/Frameworks @loader_path/Frameworks";
				PRODUCT_BUNDLE_IDENTIFIER = com.redeban.globalpaySDKObjCUITests;
				PRODUCT_NAME = "$(TARGET_NAME)";
				TEST_TARGET_NAME = PaymentSDKObjC;
			};
			name = Release;
		};
/* End XCBuildConfiguration section */

/* Begin XCConfigurationList section */
		408C1BF61CE1B50C00B9A2F0 /* Build configuration list for PBXProject "PaymentSDKObjC" */ = {
			isa = XCConfigurationList;
			buildConfigurations = (
				408C1C1B1CE1B50C00B9A2F0 /* Debug */,
				408C1C1C1CE1B50C00B9A2F0 /* Release */,
			);
			defaultConfigurationIsVisible = 0;
			defaultConfigurationName = Release;
		};
		408C1C1D1CE1B50C00B9A2F0 /* Build configuration list for PBXNativeTarget "PaymentSDKObjC" */ = {
			isa = XCConfigurationList;
			buildConfigurations = (
				408C1C1E1CE1B50C00B9A2F0 /* Debug */,
				408C1C1F1CE1B50C00B9A2F0 /* Release */,
			);
			defaultConfigurationIsVisible = 0;
			defaultConfigurationName = Release;
		};
		408C1C201CE1B50C00B9A2F0 /* Build configuration list for PBXNativeTarget "PaymentSDKObjCUITests" */ = {
			isa = XCConfigurationList;
			buildConfigurations = (
				408C1C211CE1B50C00B9A2F0 /* Debug */,
				408C1C221CE1B50C00B9A2F0 /* Release */,
			);
			defaultConfigurationIsVisible = 0;
			defaultConfigurationName = Release;
		};
/* End XCConfigurationList section */
	};
	rootObject = 408C1BF31CE1B50C00B9A2F0 /* Project object */;
}
